
Microsoft Visual Studio Solution File, Format Version 12.00
# Visual Studio Version 17
VisualStudioVersion = 17.11.35222.181
MinimumVisualStudioVersion = 10.0.40219.1
Project("{8BC9CEB8-8B4A-11D0-8D11-00A0C91BC942}") = "lab 8.01 char", "lab 8.01 char\lab 8.01 char.vcxproj", "{13851EAD-BF54-4E48-A980-2C70232BB6EE}"
EndProject
Project("{8BC9CEB8-8B4A-11D0-8D11-00A0C91BC942}") = "UnitTest1", "UnitTest1\UnitTest1.vcxproj", "{50468347-0F07-4FB2-8946-FE6FA97AC6BD}"
EndProject
Global
	GlobalSection(SolutionConfigurationPlatforms) = preSolution
		Debug|x64 = Debug|x64
		Debug|x86 = Debug|x86
		Release|x64 = Release|x64
		Release|x86 = Release|x86
	EndGlobalSection
	GlobalSection(ProjectConfigurationPlatforms) = postSolution
		{13851EAD-BF54-4E48-A980-2C70232BB6EE}.Debug|x64.ActiveCfg = Debug|x64
		{13851EAD-BF54-4E48-A980-2C70232BB6EE}.Debug|x64.Build.0 = Debug|x64
		{13851EAD-BF54-4E48-A980-2C70232BB6EE}.Debug|x86.ActiveCfg = Debug|Win32
		{13851EAD-BF54-4E48-A980-2C70232BB6EE}.Debug|x86.Build.0 = Debug|Win32
		{13851EAD-BF54-4E48-A980-2C70232BB6EE}.Release|x64.ActiveCfg = Release|x64
		{13851EAD-BF54-4E48-A980-2C70232BB6EE}.Release|x64.Build.0 = Release|x64
		{13851EAD-BF54-4E48-A980-2C70232BB6EE}.Release|x86.ActiveCfg = Release|Win32
		{13851EAD-BF54-4E48-A980-2C70232BB6EE}.Release|x86.Build.0 = Release|Win32
		{50468347-0F07-4FB2-8946-FE6FA97AC6BD}.Debug|x64.ActiveCfg = Debug|x64
		{50468347-0F07-4FB2-8946-FE6FA97AC6BD}.Debug|x64.Build.0 = Debug|x64
		{50468347-0F07-4FB2-8946-FE6FA97AC6BD}.Debug|x86.ActiveCfg = Debug|Win32
		{50468347-0F07-4FB2-8946-FE6FA97AC6BD}.Debug|x86.Build.0 = Debug|Win32
		{50468347-0F07-4FB2-8946-FE6FA97AC6BD}.Release|x64.ActiveCfg = Release|x64
		{50468347-0F07-4FB2-8946-FE6FA97AC6BD}.Release|x64.Build.0 = Release|x64
		{50468347-0F07-4FB2-8946-FE6FA97AC6BD}.Release|x86.ActiveCfg = Release|Win32
		{50468347-0F07-4FB2-8946-FE6FA97AC6BD}.Release|x86.Build.0 = Release|Win32
	EndGlobalSection
	GlobalSection(SolutionProperties) = preSolution
		HideSolutionNode = FALSE
	EndGlobalSection
	GlobalSection(ExtensibilityGlobals) = postSolution
		SolutionGuid = {F602D659-81A9-46DF-A9CD-3A04BB383158}
	EndGlobalSection
EndGlobal
